// !$*UTF8*$!
{
	archiveVersion = 1;
	classes = {
	};
	objectVersion = 56;
	objects = {

/* Begin PBXBuildFile section */
		A990070B2B34373E00F557D4 /* HomeTableViewHeader.xib in Resources */ = {isa = PBXBuildFile; fileRef = A990070A2B34373E00F557D4 /* HomeTableViewHeader.xib */; };
		A990070D2B343AE900F557D4 /* HomeTableViewHeader.swift in Sources */ = {isa = PBXBuildFile; fileRef = A990070C2B343AE900F557D4 /* HomeTableViewHeader.swift */; };
		A9D09E502B3ADBC6001F30F6 /* TripTableViewCell.swift in Sources */ = {isa = PBXBuildFile; fileRef = A9D09E4E2B3ADBC6001F30F6 /* TripTableViewCell.swift */; };
		A9D09E512B3ADBC6001F30F6 /* TripTableViewCell.xib in Resources */ = {isa = PBXBuildFile; fileRef = A9D09E4F2B3ADBC6001F30F6 /* TripTableViewCell.xib */; };
		A9D09E542B3AE5EE001F30F6 /* server-response.json in Resources */ = {isa = PBXBuildFile; fileRef = A9D09E532B3AE5EE001F30F6 /* server-response.json */; };
		A9D09E582B3AE615001F30F6 /* TiposDeViagens.swift in Sources */ = {isa = PBXBuildFile; fileRef = A9D09E552B3AE615001F30F6 /* TiposDeViagens.swift */; };
		A9D09E592B3AE615001F30F6 /* Viagem.swift in Sources */ = {isa = PBXBuildFile; fileRef = A9D09E562B3AE615001F30F6 /* Viagem.swift */; };
		A9D09E5A2B3AE615001F30F6 /* DecodableData.swift in Sources */ = {isa = PBXBuildFile; fileRef = A9D09E572B3AE615001F30F6 /* DecodableData.swift */; };
		A9D09E5D2B3AE631001F30F6 /* UIView+Extension.swift in Sources */ = {isa = PBXBuildFile; fileRef = A9D09E5C2B3AE631001F30F6 /* UIView+Extension.swift */; };
		A9D09E5F2B3AE668001F30F6 /* TripViewModel.swift in Sources */ = {isa = PBXBuildFile; fileRef = A9D09E5E2B3AE668001F30F6 /* TripViewModel.swift */; };
		A9D09E612B3AE6FA001F30F6 /* FeatureTripViewModel.swift in Sources */ = {isa = PBXBuildFile; fileRef = A9D09E602B3AE6FA001F30F6 /* FeatureTripViewModel.swift */; };
		A9D09E662B3D5DD2001F30F6 /* OfferTableViewCell.swift in Sources */ = {isa = PBXBuildFile; fileRef = A9D09E642B3D5DD2001F30F6 /* OfferTableViewCell.swift */; };
		A9D09E672B3D5DD2001F30F6 /* OfferTableViewCell.xib in Resources */ = {isa = PBXBuildFile; fileRef = A9D09E652B3D5DD2001F30F6 /* OfferTableViewCell.xib */; };
		A9D09E692B3D5E53001F30F6 /* TripOfferViewModel.swift in Sources */ = {isa = PBXBuildFile; fileRef = A9D09E682B3D5E53001F30F6 /* TripOfferViewModel.swift */; };
		A9D09E6D2B422945001F30F6 /* DetailViewController.swift in Sources */ = {isa = PBXBuildFile; fileRef = A9D09E6B2B422945001F30F6 /* DetailViewController.swift */; };
		A9D09E6E2B422945001F30F6 /* DetailViewController.xib in Resources */ = {isa = PBXBuildFile; fileRef = A9D09E6C2B422945001F30F6 /* DetailViewController.xib */; };
		C557C3A12B319703005EE2C1 /* AppDelegate.swift in Sources */ = {isa = PBXBuildFile; fileRef = C557C3A02B319703005EE2C1 /* AppDelegate.swift */; };
		C557C3A32B319703005EE2C1 /* SceneDelegate.swift in Sources */ = {isa = PBXBuildFile; fileRef = C557C3A22B319703005EE2C1 /* SceneDelegate.swift */; };
		C557C3A52B319703005EE2C1 /* ViewController.swift in Sources */ = {isa = PBXBuildFile; fileRef = C557C3A42B319703005EE2C1 /* ViewController.swift */; };
		C557C3A82B319703005EE2C1 /* Main.storyboard in Resources */ = {isa = PBXBuildFile; fileRef = C557C3A62B319703005EE2C1 /* Main.storyboard */; };
		C557C3AA2B319704005EE2C1 /* Assets.xcassets in Resources */ = {isa = PBXBuildFile; fileRef = C557C3A92B319704005EE2C1 /* Assets.xcassets */; };
		C557C3AD2B319704005EE2C1 /* LaunchScreen.storyboard in Resources */ = {isa = PBXBuildFile; fileRef = C557C3AB2B319704005EE2C1 /* LaunchScreen.storyboard */; };
/* End PBXBuildFile section */

/* Begin PBXFileReference section */
		A990070A2B34373E00F557D4 /* HomeTableViewHeader.xib */ = {isa = PBXFileReference; lastKnownFileType = file.xib; path = HomeTableViewHeader.xib; sourceTree = "<group>"; };
		A990070C2B343AE900F557D4 /* HomeTableViewHeader.swift */ = {isa = PBXFileReference; lastKnownFileType = sourcecode.swift; path = HomeTableViewHeader.swift; sourceTree = "<group>"; };
		A9D09E4E2B3ADBC6001F30F6 /* TripTableViewCell.swift */ = {isa = PBXFileReference; lastKnownFileType = sourcecode.swift; path = TripTableViewCell.swift; sourceTree = "<group>"; };
		A9D09E4F2B3ADBC6001F30F6 /* TripTableViewCell.xib */ = {isa = PBXFileReference; lastKnownFileType = file.xib; path = TripTableViewCell.xib; sourceTree = "<group>"; };
		A9D09E532B3AE5EE001F30F6 /* server-response.json */ = {isa = PBXFileReference; fileEncoding = 4; lastKnownFileType = text.json; name = "server-response.json"; path = "../../../../../../Downloads/Arquivos Swift/arquivos/server-response.json"; sourceTree = "<group>"; };
		A9D09E552B3AE615001F30F6 /* TiposDeViagens.swift */ = {isa = PBXFileReference; fileEncoding = 4; lastKnownFileType = sourcecode.swift; name = TiposDeViagens.swift; path = "../../../../../../Downloads/Arquivos Swift/arquivos/TiposDeViagens.swift"; sourceTree = "<group>"; };
		A9D09E562B3AE615001F30F6 /* Viagem.swift */ = {isa = PBXFileReference; fileEncoding = 4; lastKnownFileType = sourcecode.swift; name = Viagem.swift; path = "../../../../../../Downloads/Arquivos Swift/arquivos/Viagem.swift"; sourceTree = "<group>"; };
		A9D09E572B3AE615001F30F6 /* DecodableData.swift */ = {isa = PBXFileReference; fileEncoding = 4; lastKnownFileType = sourcecode.swift; name = DecodableData.swift; path = "../../../../../../Downloads/Arquivos Swift/arquivos/DecodableData.swift"; sourceTree = "<group>"; };
		A9D09E5C2B3AE631001F30F6 /* UIView+Extension.swift */ = {isa = PBXFileReference; fileEncoding = 4; lastKnownFileType = sourcecode.swift; name = "UIView+Extension.swift"; path = "../../../../../../Downloads/Arquivos Swift/arquivos/UIView+Extension.swift"; sourceTree = "<group>"; };
		A9D09E5E2B3AE668001F30F6 /* TripViewModel.swift */ = {isa = PBXFileReference; lastKnownFileType = sourcecode.swift; path = TripViewModel.swift; sourceTree = "<group>"; };
		A9D09E602B3AE6FA001F30F6 /* FeatureTripViewModel.swift */ = {isa = PBXFileReference; lastKnownFileType = sourcecode.swift; path = FeatureTripViewModel.swift; sourceTree = "<group>"; };
		A9D09E642B3D5DD2001F30F6 /* OfferTableViewCell.swift */ = {isa = PBXFileReference; lastKnownFileType = sourcecode.swift; path = OfferTableViewCell.swift; sourceTree = "<group>"; };
		A9D09E652B3D5DD2001F30F6 /* OfferTableViewCell.xib */ = {isa = PBXFileReference; lastKnownFileType = file.xib; path = OfferTableViewCell.xib; sourceTree = "<group>"; };
		A9D09E682B3D5E53001F30F6 /* TripOfferViewModel.swift */ = {isa = PBXFileReference; lastKnownFileType = sourcecode.swift; path = TripOfferViewModel.swift; sourceTree = "<group>"; };
		A9D09E6B2B422945001F30F6 /* DetailViewController.swift */ = {isa = PBXFileReference; lastKnownFileType = sourcecode.swift; path = DetailViewController.swift; sourceTree = "<group>"; };
		A9D09E6C2B422945001F30F6 /* DetailViewController.xib */ = {isa = PBXFileReference; lastKnownFileType = file.xib; path = DetailViewController.xib; sourceTree = "<group>"; };
		C557C39D2B319703005EE2C1 /* ToViajando.app */ = {isa = PBXFileReference; explicitFileType = wrapper.application; includeInIndex = 0; path = ToViajando.app; sourceTree = BUILT_PRODUCTS_DIR; };
		C557C3A02B319703005EE2C1 /* AppDelegate.swift */ = {isa = PBXFileReference; lastKnownFileType = sourcecode.swift; path = AppDelegate.swift; sourceTree = "<group>"; };
		C557C3A22B319703005EE2C1 /* SceneDelegate.swift */ = {isa = PBXFileReference; lastKnownFileType = sourcecode.swift; path = SceneDelegate.swift; sourceTree = "<group>"; };
		C557C3A42B319703005EE2C1 /* ViewController.swift */ = {isa = PBXFileReference; lastKnownFileType = sourcecode.swift; path = ViewController.swift; sourceTree = "<group>"; };
		C557C3A72B319703005EE2C1 /* Base */ = {isa = PBXFileReference; lastKnownFileType = file.storyboard; name = Base; path = Base.lproj/Main.storyboard; sourceTree = "<group>"; };
		C557C3A92B319704005EE2C1 /* Assets.xcassets */ = {isa = PBXFileReference; lastKnownFileType = folder.assetcatalog; path = Assets.xcassets; sourceTree = "<group>"; };
		C557C3AC2B319704005EE2C1 /* Base */ = {isa = PBXFileReference; lastKnownFileType = file.storyboard; name = Base; path = Base.lproj/LaunchScreen.storyboard; sourceTree = "<group>"; };
		C557C3AE2B319704005EE2C1 /* Info.plist */ = {isa = PBXFileReference; lastKnownFileType = text.plist.xml; path = Info.plist; sourceTree = "<group>"; };
/* End PBXFileReference section */

/* Begin PBXFrameworksBuildPhase section */
		C557C39A2B319703005EE2C1 /* Frameworks */ = {
			isa = PBXFrameworksBuildPhase;
			buildActionMask = 2147483647;
			files = (
			);
			runOnlyForDeploymentPostprocessing = 0;
		};
/* End PBXFrameworksBuildPhase section */

/* Begin PBXGroup section */
		A9D09E462B3AAC0D001F30F6 /* AppDelegate */ = {
			isa = PBXGroup;
			children = (
				C557C3A02B319703005EE2C1 /* AppDelegate.swift */,
				C557C3A22B319703005EE2C1 /* SceneDelegate.swift */,
			);
			path = AppDelegate;
			sourceTree = "<group>";
		};
		A9D09E472B3AAC18001F30F6 /* Model */ = {
			isa = PBXGroup;
			children = (
				A9D09E572B3AE615001F30F6 /* DecodableData.swift */,
				A9D09E552B3AE615001F30F6 /* TiposDeViagens.swift */,
				A9D09E562B3AE615001F30F6 /* Viagem.swift */,
			);
			path = Model;
			sourceTree = "<group>";
		};
		A9D09E482B3AAC3D001F30F6 /* View */ = {
			isa = PBXGroup;
			children = (
				A9D09E6A2B422927001F30F6 /* DetailViewController */,
				A9D09E4B2B3ADB8A001F30F6 /* Cells */,
				A9D09E492B3AAC53001F30F6 /* Header */,
				C557C3A42B319703005EE2C1 /* ViewController.swift */,
				C557C3A62B319703005EE2C1 /* Main.storyboard */,
			);
			path = View;
			sourceTree = "<group>";
		};
		A9D09E492B3AAC53001F30F6 /* Header */ = {
			isa = PBXGroup;
			children = (
				A990070A2B34373E00F557D4 /* HomeTableViewHeader.xib */,
				A990070C2B343AE900F557D4 /* HomeTableViewHeader.swift */,
			);
			path = Header;
			sourceTree = "<group>";
		};
		A9D09E4A2B3AAC6B001F30F6 /* ViewModel */ = {
			isa = PBXGroup;
			children = (
				A9D09E5E2B3AE668001F30F6 /* TripViewModel.swift */,
				A9D09E602B3AE6FA001F30F6 /* FeatureTripViewModel.swift */,
				A9D09E682B3D5E53001F30F6 /* TripOfferViewModel.swift */,
			);
			path = ViewModel;
			sourceTree = "<group>";
		};
		A9D09E4B2B3ADB8A001F30F6 /* Cells */ = {
			isa = PBXGroup;
			children = (
				A9D09E632B3D5DC0001F30F6 /* Offers */,
				A9D09E622B3D5DB2001F30F6 /* Featured */,
			);
			path = Cells;
			sourceTree = "<group>";
		};
		A9D09E522B3AE5C3001F30F6 /* Mock */ = {
			isa = PBXGroup;
			children = (
				A9D09E532B3AE5EE001F30F6 /* server-response.json */,
			);
			path = Mock;
			sourceTree = "<group>";
		};
		A9D09E5B2B3AE623001F30F6 /* Extensions */ = {
			isa = PBXGroup;
			children = (
				A9D09E5C2B3AE631001F30F6 /* UIView+Extension.swift */,
			);
			path = Extensions;
			sourceTree = "<group>";
		};
		A9D09E622B3D5DB2001F30F6 /* Featured */ = {
			isa = PBXGroup;
			children = (
				A9D09E4E2B3ADBC6001F30F6 /* TripTableViewCell.swift */,
				A9D09E4F2B3ADBC6001F30F6 /* TripTableViewCell.xib */,
			);
			path = Featured;
			sourceTree = "<group>";
		};
		A9D09E632B3D5DC0001F30F6 /* Offers */ = {
			isa = PBXGroup;
			children = (
				A9D09E642B3D5DD2001F30F6 /* OfferTableViewCell.swift */,
				A9D09E652B3D5DD2001F30F6 /* OfferTableViewCell.xib */,
			);
			path = Offers;
			sourceTree = "<group>";
		};
		A9D09E6A2B422927001F30F6 /* DetailViewController */ = {
			isa = PBXGroup;
			children = (
				A9D09E6B2B422945001F30F6 /* DetailViewController.swift */,
				A9D09E6C2B422945001F30F6 /* DetailViewController.xib */,
			);
			path = DetailViewController;
			sourceTree = "<group>";
		};
		C557C3942B319702005EE2C1 = {
			isa = PBXGroup;
			children = (
				C557C39F2B319703005EE2C1 /* ToViajando */,
				C557C39E2B319703005EE2C1 /* Products */,
			);
			sourceTree = "<group>";
		};
		C557C39E2B319703005EE2C1 /* Products */ = {
			isa = PBXGroup;
			children = (
				C557C39D2B319703005EE2C1 /* ToViajando.app */,
			);
			name = Products;
			sourceTree = "<group>";
		};
		C557C39F2B319703005EE2C1 /* ToViajando */ = {
			isa = PBXGroup;
			children = (
				A9D09E5B2B3AE623001F30F6 /* Extensions */,
				A9D09E522B3AE5C3001F30F6 /* Mock */,
				A9D09E462B3AAC0D001F30F6 /* AppDelegate */,
				A9D09E472B3AAC18001F30F6 /* Model */,
				A9D09E482B3AAC3D001F30F6 /* View */,
				A9D09E4A2B3AAC6B001F30F6 /* ViewModel */,
				C557C3A92B319704005EE2C1 /* Assets.xcassets */,
				C557C3AB2B319704005EE2C1 /* LaunchScreen.storyboard */,
				C557C3AE2B319704005EE2C1 /* Info.plist */,
			);
			path = ToViajando;
			sourceTree = "<group>";
		};
/* End PBXGroup section */

/* Begin PBXNativeTarget section */
		C557C39C2B319703005EE2C1 /* ToViajando */ = {
			isa = PBXNativeTarget;
			buildConfigurationList = C557C3B12B319704005EE2C1 /* Build configuration list for PBXNativeTarget "ToViajando" */;
			buildPhases = (
				C557C3992B319703005EE2C1 /* Sources */,
				C557C39A2B319703005EE2C1 /* Frameworks */,
				C557C39B2B319703005EE2C1 /* Resources */,
			);
			buildRules = (
			);
			dependencies = (
			);
			name = ToViajando;
			productName = ToViajando;
			productReference = C557C39D2B319703005EE2C1 /* ToViajando.app */;
			productType = "com.apple.product-type.application";
		};
/* End PBXNativeTarget section */

/* Begin PBXProject section */
		C557C3952B319702005EE2C1 /* Project object */ = {
			isa = PBXProject;
			attributes = {
				BuildIndependentTargetsInParallel = 1;
				LastSwiftUpdateCheck = 1510;
				LastUpgradeCheck = 1510;
				TargetAttributes = {
					C557C39C2B319703005EE2C1 = {
						CreatedOnToolsVersion = 15.1;
					};
				};
			};
			buildConfigurationList = C557C3982B319702005EE2C1 /* Build configuration list for PBXProject "ToViajando" */;
			compatibilityVersion = "Xcode 14.0";
			developmentRegion = en;
			hasScannedForEncodings = 0;
			knownRegions = (
				en,
				Base,
			);
			mainGroup = C557C3942B319702005EE2C1;
			productRefGroup = C557C39E2B319703005EE2C1 /* Products */;
			projectDirPath = "";
			projectRoot = "";
			targets = (
				C557C39C2B319703005EE2C1 /* ToViajando */,
			);
		};
/* End PBXProject section */

/* Begin PBXResourcesBuildPhase section */
		C557C39B2B319703005EE2C1 /* Resources */ = {
			isa = PBXResourcesBuildPhase;
			buildActionMask = 2147483647;
			files = (
				C557C3AD2B319704005EE2C1 /* LaunchScreen.storyboard in Resources */,
				A9D09E542B3AE5EE001F30F6 /* server-response.json in Resources */,
				A990070B2B34373E00F557D4 /* HomeTableViewHeader.xib in Resources */,
				A9D09E6E2B422945001F30F6 /* DetailViewController.xib in Resources */,
				A9D09E672B3D5DD2001F30F6 /* OfferTableViewCell.xib in Resources */,
				C557C3AA2B319704005EE2C1 /* Assets.xcassets in Resources */,
				A9D09E512B3ADBC6001F30F6 /* TripTableViewCell.xib in Resources */,
				C557C3A82B319703005EE2C1 /* Main.storyboard in Resources */,
			);
			runOnlyForDeploymentPostprocessing = 0;
		};
/* End PBXResourcesBuildPhase section */

/* Begin PBXSourcesBuildPhase section */
		C557C3992B319703005EE2C1 /* Sources */ = {
			isa = PBXSourcesBuildPhase;
			buildActionMask = 2147483647;
			files = (
				A9D09E662B3D5DD2001F30F6 /* OfferTableViewCell.swift in Sources */,
				A9D09E692B3D5E53001F30F6 /* TripOfferViewModel.swift in Sources */,
				A9D09E612B3AE6FA001F30F6 /* FeatureTripViewModel.swift in Sources */,
				C557C3A52B319703005EE2C1 /* ViewController.swift in Sources */,
				A990070D2B343AE900F557D4 /* HomeTableViewHeader.swift in Sources */,
				A9D09E582B3AE615001F30F6 /* TiposDeViagens.swift in Sources */,
				A9D09E5D2B3AE631001F30F6 /* UIView+Extension.swift in Sources */,
				A9D09E5A2B3AE615001F30F6 /* DecodableData.swift in Sources */,
				A9D09E5F2B3AE668001F30F6 /* TripViewModel.swift in Sources */,
				C557C3A12B319703005EE2C1 /* AppDelegate.swift in Sources */,
				C557C3A32B319703005EE2C1 /* SceneDelegate.swift in Sources */,
				A9D09E592B3AE615001F30F6 /* Viagem.swift in Sources */,
				A9D09E502B3ADBC6001F30F6 /* TripTableViewCell.swift in Sources */,
				A9D09E6D2B422945001F30F6 /* DetailViewController.swift in Sources */,
			);
			runOnlyForDeploymentPostprocessing = 0;
		};
/* End PBXSourcesBuildPhase section */

/* Begin PBXVariantGroup section */
		C557C3A62B319703005EE2C1 /* Main.storyboard */ = {
			isa = PBXVariantGroup;
			children = (
				C557C3A72B319703005EE2C1 /* Base */,
			);
			name = Main.storyboard;
			sourceTree = "<group>";
		};
		C557C3AB2B319704005EE2C1 /* LaunchScreen.storyboard */ = {
			isa = PBXVariantGroup;
			children = (
				C557C3AC2B319704005EE2C1 /* Base */,
			);
			name = LaunchScreen.storyboard;
			sourceTree = "<group>";
		};
/* End PBXVariantGroup section */

/* Begin XCBuildConfiguration section */
		C557C3AF2B319704005EE2C1 /* Debug */ = {
			isa = XCBuildConfiguration;
			buildSettings = {
				ALWAYS_SEARCH_USER_PATHS = NO;
				ASSETCATALOG_COMPILER_GENERATE_SWIFT_ASSET_SYMBOL_EXTENSIONS = YES;
				CLANG_ANALYZER_NONNULL = YES;
				CLANG_ANALYZER_NUMBER_OBJECT_CONVERSION = YES_AGGRESSIVE;
				CLANG_CXX_LANGUAGE_STANDARD = "gnu++20";
				CLANG_ENABLE_MODULES = YES;
				CLANG_ENABLE_OBJC_ARC = YES;
				CLANG_ENABLE_OBJC_WEAK = YES;
				CLANG_WARN_BLOCK_CAPTURE_AUTORELEASING = YES;
				CLANG_WARN_BOOL_CONVERSION = YES;
				CLANG_WARN_COMMA = YES;
				CLANG_WARN_CONSTANT_CONVERSION = YES;
				CLANG_WARN_DEPRECATED_OBJC_IMPLEMENTATIONS = YES;
				CLANG_WARN_DIRECT_OBJC_ISA_USAGE = YES_ERROR;
				CLANG_WARN_DOCUMENTATION_COMMENTS = YES;
				CLANG_WARN_EMPTY_BODY = YES;
				CLANG_WARN_ENUM_CONVERSION = YES;
				CLANG_WARN_INFINITE_RECURSION = YES;
				CLANG_WARN_INT_CONVERSION = YES;
				CLANG_WARN_NON_LITERAL_NULL_CONVERSION = YES;
				CLANG_WARN_OBJC_IMPLICIT_RETAIN_SELF = YES;
				CLANG_WARN_OBJC_LITERAL_CONVERSION = YES;
				CLANG_WARN_OBJC_ROOT_CLASS = YES_ERROR;
				CLANG_WARN_QUOTED_INCLUDE_IN_FRAMEWORK_HEADER = YES;
				CLANG_WARN_RANGE_LOOP_ANALYSIS = YES;
				CLANG_WARN_STRICT_PROTOTYPES = YES;
				CLANG_WARN_SUSPICIOUS_MOVE = YES;
				CLANG_WARN_UNGUARDED_AVAILABILITY = YES_AGGRESSIVE;
				CLANG_WARN_UNREACHABLE_CODE = YES;
				CLANG_WARN__DUPLICATE_METHOD_MATCH = YES;
				COPY_PHASE_STRIP = NO;
				DEBUG_INFORMATION_FORMAT = dwarf;
				ENABLE_STRICT_OBJC_MSGSEND = YES;
				ENABLE_TESTABILITY = YES;
				ENABLE_USER_SCRIPT_SANDBOXING = YES;
				GCC_C_LANGUAGE_STANDARD = gnu17;
				GCC_DYNAMIC_NO_PIC = NO;
				GCC_NO_COMMON_BLOCKS = YES;
				GCC_OPTIMIZATION_LEVEL = 0;
				GCC_PREPROCESSOR_DEFINITIONS = (
					"DEBUG=1",
					"$(inherited)",
				);
				GCC_WARN_64_TO_32_BIT_CONVERSION = YES;
				GCC_WARN_ABOUT_RETURN_TYPE = YES_ERROR;
				GCC_WARN_UNDECLARED_SELECTOR = YES;
				GCC_WARN_UNINITIALIZED_AUTOS = YES_AGGRESSIVE;
				GCC_WARN_UNUSED_FUNCTION = YES;
				GCC_WARN_UNUSED_VARIABLE = YES;
				IPHONEOS_DEPLOYMENT_TARGET = 17.2;
				LOCALIZATION_PREFERS_STRING_CATALOGS = YES;
				MTL_ENABLE_DEBUG_INFO = INCLUDE_SOURCE;
				MTL_FAST_MATH = YES;
				ONLY_ACTIVE_ARCH = YES;
				SDKROOT = iphoneos;
				SWIFT_ACTIVE_COMPILATION_CONDITIONS = "DEBUG $(inherited)";
				SWIFT_OPTIMIZATION_LEVEL = "-Onone";
			};
			name = Debug;
		};
		C557C3B02B319704005EE2C1 /* Release */ = {
			isa = XCBuildConfiguration;
			buildSettings = {
				ALWAYS_SEARCH_USER_PATHS = NO;
				ASSETCATALOG_COMPILER_GENERATE_SWIFT_ASSET_SYMBOL_EXTENSIONS = YES;
				CLANG_ANALYZER_NONNULL = YES;
				CLANG_ANALYZER_NUMBER_OBJECT_CONVERSION = YES_AGGRESSIVE;
				CLANG_CXX_LANGUAGE_STANDARD = "gnu++20";
				CLANG_ENABLE_MODULES = YES;
				CLANG_ENABLE_OBJC_ARC = YES;
				CLANG_ENABLE_OBJC_WEAK = YES;
				CLANG_WARN_BLOCK_CAPTURE_AUTORELEASING = YES;
				CLANG_WARN_BOOL_CONVERSION = YES;
				CLANG_WARN_COMMA = YES;
				CLANG_WARN_CONSTANT_CONVERSION = YES;
				CLANG_WARN_DEPRECATED_OBJC_IMPLEMENTATIONS = YES;
				CLANG_WARN_DIRECT_OBJC_ISA_USAGE = YES_ERROR;
				CLANG_WARN_DOCUMENTATION_COMMENTS = YES;
				CLANG_WARN_EMPTY_BODY = YES;
				CLANG_WARN_ENUM_CONVERSION = YES;
				CLANG_WARN_INFINITE_RECURSION = YES;
				CLANG_WARN_INT_CONVERSION = YES;
				CLANG_WARN_NON_LITERAL_NULL_CONVERSION = YES;
				CLANG_WARN_OBJC_IMPLICIT_RETAIN_SELF = YES;
				CLANG_WARN_OBJC_LITERAL_CONVERSION = YES;
				CLANG_WARN_OBJC_ROOT_CLASS = YES_ERROR;
				CLANG_WARN_QUOTED_INCLUDE_IN_FRAMEWORK_HEADER = YES;
				CLANG_WARN_RANGE_LOOP_ANALYSIS = YES;
				CLANG_WARN_STRICT_PROTOTYPES = YES;
				CLANG_WARN_SUSPICIOUS_MOVE = YES;
				CLANG_WARN_UNGUARDED_AVAILABILITY = YES_AGGRESSIVE;
				CLANG_WARN_UNREACHABLE_CODE = YES;
				CLANG_WARN__DUPLICATE_METHOD_MATCH = YES;
				COPY_PHASE_STRIP = NO;
				DEBUG_INFORMATION_FORMAT = "dwarf-with-dsym";
				ENABLE_NS_ASSERTIONS = NO;
				ENABLE_STRICT_OBJC_MSGSEND = YES;
				ENABLE_USER_SCRIPT_SANDBOXING = YES;
				GCC_C_LANGUAGE_STANDARD = gnu17;
				GCC_NO_COMMON_BLOCKS = YES;
				GCC_WARN_64_TO_32_BIT_CONVERSION = YES;
				GCC_WARN_ABOUT_RETURN_TYPE = YES_ERROR;
				GCC_WARN_UNDECLARED_SELECTOR = YES;
				GCC_WARN_UNINITIALIZED_AUTOS = YES_AGGRESSIVE;
				GCC_WARN_UNUSED_FUNCTION = YES;
				GCC_WARN_UNUSED_VARIABLE = YES;
				IPHONEOS_DEPLOYMENT_TARGET = 17.2;
				LOCALIZATION_PREFERS_STRING_CATALOGS = YES;
				MTL_ENABLE_DEBUG_INFO = NO;
				MTL_FAST_MATH = YES;
				SDKROOT = iphoneos;
				SWIFT_COMPILATION_MODE = wholemodule;
				VALIDATE_PRODUCT = YES;
			};
			name = Release;
		};
		C557C3B22B319704005EE2C1 /* Debug */ = {
			isa = XCBuildConfiguration;
			buildSettings = {
				ASSETCATALOG_COMPILER_APPICON_NAME = AppIcon;
				ASSETCATALOG_COMPILER_GLOBAL_ACCENT_COLOR_NAME = AccentColor;
				CODE_SIGN_STYLE = Automatic;
				CURRENT_PROJECT_VERSION = 1;
				DEVELOPMENT_TEAM = DWNX563SG6;
				GENERATE_INFOPLIST_FILE = YES;
				INFOPLIST_FILE = ToViajando/Info.plist;
				INFOPLIST_KEY_UIApplicationSupportsIndirectInputEvents = YES;
				INFOPLIST_KEY_UILaunchStoryboardName = LaunchScreen;
				INFOPLIST_KEY_UIMainStoryboardFile = Main;
				INFOPLIST_KEY_UISupportedInterfaceOrientations_iPad = "UIInterfaceOrientationPortrait UIInterfaceOrientationPortraitUpsideDown UIInterfaceOrientationLandscapeLeft UIInterfaceOrientationLandscapeRight";
				INFOPLIST_KEY_UISupportedInterfaceOrientations_iPhone = "UIInterfaceOrientationPortrait UIInterfaceOrientationLandscapeLeft UIInterfaceOrientationLandscapeRight";
				LD_RUNPATH_SEARCH_PATHS = (
					"$(inherited)",
					"@executable_path/Frameworks",
				);
				MARKETING_VERSION = 1.0;
				PRODUCT_BUNDLE_IDENTIFIER = com.yurastico.ToViajando;
				PRODUCT_NAME = "$(TARGET_NAME)";
				SWIFT_EMIT_LOC_STRINGS = YES;
				SWIFT_VERSION = 5.0;
				TARGETED_DEVICE_FAMILY = "1,2";
			};
			name = Debug;
		};
		C557C3B32B319704005EE2C1 /* Release */ = {
			isa = XCBuildConfiguration;
			buildSettings = {
				ASSETCATALOG_COMPILER_APPICON_NAME = AppIcon;
				ASSETCATALOG_COMPILER_GLOBAL_ACCENT_COLOR_NAME = AccentColor;
				CODE_SIGN_STYLE = Automatic;
				CURRENT_PROJECT_VERSION = 1;
				DEVELOPMENT_TEAM = DWNX563SG6;
				GENERATE_INFOPLIST_FILE = YES;
				INFOPLIST_FILE = ToViajando/Info.plist;
				INFOPLIST_KEY_UIApplicationSupportsIndirectInputEvents = YES;
				INFOPLIST_KEY_UILaunchStoryboardName = LaunchScreen;
				INFOPLIST_KEY_UIMainStoryboardFile = Main;
				INFOPLIST_KEY_UISupportedInterfaceOrientations_iPad = "UIInterfaceOrientationPortrait UIInterfaceOrientationPortraitUpsideDown UIInterfaceOrientationLandscapeLeft UIInterfaceOrientationLandscapeRight";
				INFOPLIST_KEY_UISupportedInterfaceOrientations_iPhone = "UIInterfaceOrientationPortrait UIInterfaceOrientationLandscapeLeft UIInterfaceOrientationLandscapeRight";
				LD_RUNPATH_SEARCH_PATHS = (
					"$(inherited)",
					"@executable_path/Frameworks",
				);
				MARKETING_VERSION = 1.0;
				PRODUCT_BUNDLE_IDENTIFIER = com.yurastico.ToViajando;
				PRODUCT_NAME = "$(TARGET_NAME)";
				SWIFT_EMIT_LOC_STRINGS = YES;
				SWIFT_VERSION = 5.0;
				TARGETED_DEVICE_FAMILY = "1,2";
			};
			name = Release;
		};
/* End XCBuildConfiguration section */

/* Begin XCConfigurationList section */
		C557C3982B319702005EE2C1 /* Build configuration list for PBXProject "ToViajando" */ = {
			isa = XCConfigurationList;
			buildConfigurations = (
				C557C3AF2B319704005EE2C1 /* Debug */,
				C557C3B02B319704005EE2C1 /* Release */,
			);
			defaultConfigurationIsVisible = 0;
			defaultConfigurationName = Release;
		};
		C557C3B12B319704005EE2C1 /* Build configuration list for PBXNativeTarget "ToViajando" */ = {
			isa = XCConfigurationList;
			buildConfigurations = (
				C557C3B22B319704005EE2C1 /* Debug */,
				C557C3B32B319704005EE2C1 /* Release */,
			);
			defaultConfigurationIsVisible = 0;
			defaultConfigurationName = Release;
		};
/* End XCConfigurationList section */
	};
	rootObject = C557C3952B319702005EE2C1 /* Project object */;
}
